{
  "nodes": {
    "nixpkgs": {
      "locked": {
        "lastModified": 1652458059,
        "narHash": "sha256-ANQg1MZOhKJuXVecqsCpJwvLXAytzgLV8V28HRyVcDE=",
        "owner": "nixos",
        "repo": "nixpkgs",
        "rev": "78075c4443d912f3cd600a2cfb18fc0771fe5330",
        "type": "github"
      },
      "original": {
        "owner": "nixos",
        "repo": "nixpkgs",
        "type": "github"
      }
    },
    "root": {
      "inputs": {
        "nixpkgs": "nixpkgs",
        "utils": "utils"
      }
    },
    "utils": {
      "locked": {
        "lastModified": 1652372896,
        "narHash": "sha256-lURGussfF3mGrFPQT3zgW7+RC0pBhbHzco0C7I+ilow=",
        "owner": "numtide",
        "repo": "flake-utils",
        "rev": "0d347c56f6f41de822a4f4c7ff5072f3382db121",
        "type": "github"
      },
      "original": {
        "owner": "numtide",
        "repo": "flake-utils",
        "type": "github"
      }
    }
  },
  "root": "root",
  "version": 7
}
